
Microsoft Visual Studio Solution File, Format Version 12.00
# Visual Studio Version 16
VisualStudioVersion = 16.0.29709.97
MinimumVisualStudioVersion = 15.0.26124.0
Project("{9A19103F-16F7-4668-BE54-9A1E7A4F7556}") = "HexMaster.Serverless", "HexMaster.Serverless\HexMaster.Serverless.csproj", "{7474E82D-671E-434D-8416-1A17DDA4CC5C}"
EndProject
Global
	GlobalSection(SolutionConfigurationPlatforms) = preSolution
		Debug|Any CPU = Debug|Any CPU
		Debug|x64 = Debug|x64
		Debug|x86 = Debug|x86
		Release|Any CPU = Release|Any CPU
		Release|x64 = Release|x64
		Release|x86 = Release|x86
	EndGlobalSection
	GlobalSection(ProjectConfigurationPlatforms) = postSolution
		{7474E82D-671E-434D-8416-1A17DDA4CC5C}.Debug|Any CPU.ActiveCfg = Debug|Any CPU
		{7474E82D-671E-434D-8416-1A17DDA4CC5C}.Debug|Any CPU.Build.0 = Debug|Any CPU
		{7474E82D-671E-434D-8416-1A17DDA4CC5C}.Debug|x64.ActiveCfg = Debug|Any CPU
		{7474E82D-671E-434D-8416-1A17DDA4CC5C}.Debug|x64.Build.0 = Debug|Any CPU
		{7474E82D-671E-434D-8416-1A17DDA4CC5C}.Debug|x86.ActiveCfg = Debug|Any CPU
		{7474E82D-671E-434D-8416-1A17DDA4CC5C}.Debug|x86.Build.0 = Debug|Any CPU
		{7474E82D-671E-434D-8416-1A17DDA4CC5C}.Release|Any CPU.ActiveCfg = Release|Any CPU
		{7474E82D-671E-434D-8416-1A17DDA4CC5C}.Release|Any CPU.Build.0 = Release|Any CPU
		{7474E82D-671E-434D-8416-1A17DDA4CC5C}.Release|x64.ActiveCfg = Release|Any CPU
		{7474E82D-671E-434D-8416-1A17DDA4CC5C}.Release|x64.Build.0 = Release|Any CPU
		{7474E82D-671E-434D-8416-1A17DDA4CC5C}.Release|x86.ActiveCfg = Release|Any CPU
		{7474E82D-671E-434D-8416-1A17DDA4CC5C}.Release|x86.Build.0 = Release|Any CPU
	EndGlobalSection
	GlobalSection(SolutionProperties) = preSolution
		HideSolutionNode = FALSE
	EndGlobalSection
	GlobalSection(ExtensibilityGlobals) = postSolution
		SolutionGuid = {A0C3C519-1CBB-4FA4-900F-7B57ACDB2C12}
	EndGlobalSection
EndGlobal
